// !$*UTF8*$!
{
	archiveVersion = 1;
	classes = {
	};
	objectVersion = 46;
	objects = {

/* Begin PBXBuildFile section */
		C05E11831C1D85010050A4A2 /* AppDelegate.swift in Sources */ = {isa = PBXBuildFile; fileRef = C05E11821C1D85010050A4A2 /* AppDelegate.swift */; };
		C05E11851C1D85010050A4A2 /* ViewController.swift in Sources */ = {isa = PBXBuildFile; fileRef = C05E11841C1D85010050A4A2 /* ViewController.swift */; };
		C05E11881C1D85010050A4A2 /* Main.storyboard in Resources */ = {isa = PBXBuildFile; fileRef = C05E11861C1D85010050A4A2 /* Main.storyboard */; };
		C05E118A1C1D85010050A4A2 /* Assets.xcassets in Resources */ = {isa = PBXBuildFile; fileRef = C05E11891C1D85010050A4A2 /* Assets.xcassets */; };
		C05E118D1C1D85010050A4A2 /* LaunchScreen.storyboard in Resources */ = {isa = PBXBuildFile; fileRef = C05E118B1C1D85010050A4A2 /* LaunchScreen.storyboard */; };
/* End PBXBuildFile section */

/* Begin PBXFileReference section */
		C05E117F1C1D85010050A4A2 /* zipAddress.app */ = {isa = PBXFileReference; explicitFileType = wrapper.application; includeInIndex = 0; path = zipAddress.app; sourceTree = BUILT_PRODUCTS_DIR; };
		C05E11821C1D85010050A4A2 /* AppDelegate.swift */ = {isa = PBXFileReference; lastKnownFileType = sourcecode.swift; path = AppDelegate.swift; sourceTree = "<group>"; };
		C05E11841C1D85010050A4A2 /* ViewController.swift */ = {isa = PBXFileReference; lastKnownFileType = sourcecode.swift; path = ViewController.swift; sourceTree = "<group>"; };
		C05E11871C1D85010050A4A2 /* Base */ = {isa = PBXFileReference; lastKnownFileType = file.storyboard; name = Base; path = Base.lproj/Main.storyboard; sourceTree = "<group>"; };
		C05E11891C1D85010050A4A2 /* Assets.xcassets */ = {isa = PBXFileReference; lastKnownFileType = folder.assetcatalog; path = Assets.xcassets; sourceTree = "<group>"; };
		C05E118C1C1D85010050A4A2 /* Base */ = {isa = PBXFileReference; lastKnownFileType = file.storyboard; name = Base; path = Base.lproj/LaunchScreen.storyboard; sourceTree = "<group>"; };
		C05E118E1C1D85010050A4A2 /* Info.plist */ = {isa = PBXFileReference; lastKnownFileType = text.plist.xml; path = Info.plist; sourceTree = "<group>"; };
/* End PBXFileReference section */

/* Begin PBXFrameworksBuildPhase section */
		C05E117C1C1D85010050A4A2 /* Frameworks */ = {
			isa = PBXFrameworksBuildPhase;
			buildActionMask = 2147483647;
			files = (
			);
			runOnlyForDeploymentPostprocessing = 0;
		};
/* End PBXFrameworksBuildPhase section */

/* Begin PBXGroup section */
		C05E11761C1D85010050A4A2 = {
			isa = PBXGroup;
			children = (
				C05E11811C1D85010050A4A2 /* zipAddress */,
				C05E11801C1D85010050A4A2 /* Products */,
			);
			sourceTree = "<group>";
		};
		C05E11801C1D85010050A4A2 /* Products */ = {
			isa = PBXGroup;
			children = (
				C05E117F1C1D85010050A4A2 /* zipAddress.app */,
			);
			name = Products;
			sourceTree = "<group>";
		};
		C05E11811C1D85010050A4A2 /* zipAddress */ = {
			isa = PBXGroup;
			children = (
				C05E11821C1D85010050A4A2 /* AppDelegate.swift */,
				C05E11841C1D85010050A4A2 /* ViewController.swift */,
				C05E11861C1D85010050A4A2 /* Main.storyboard */,
				C05E11891C1D85010050A4A2 /* Assets.xcassets */,
				C05E118B1C1D85010050A4A2 /* LaunchScreen.storyboard */,
				C05E118E1C1D85010050A4A2 /* Info.plist */,
			);
			path = zipAddress;
			sourceTree = "<group>";
		};
/* End PBXGroup section */

/* Begin PBXNativeTarget section */
		C05E117E1C1D85010050A4A2 /* zipAddress */ = {
			isa = PBXNativeTarget;
			buildConfigurationList = C05E11911C1D85010050A4A2 /* Build configuration list for PBXNativeTarget "zipAddress" */;
			buildPhases = (
				C05E117B1C1D85010050A4A2 /* Sources */,
				C05E117C1C1D85010050A4A2 /* Frameworks */,
				C05E117D1C1D85010050A4A2 /* Resources */,
			);
			buildRules = (
			);
			dependencies = (
			);
			name = zipAddress;
			productName = zipAddress;
			productReference = C05E117F1C1D85010050A4A2 /* zipAddress.app */;
			productType = "com.apple.product-type.application";
		};
/* End PBXNativeTarget section */

/* Begin PBXProject section */
		C05E11771C1D85010050A4A2 /* Project object */ = {
			isa = PBXProject;
			attributes = {
				LastSwiftUpdateCheck = 0720;
				LastUpgradeCheck = 0720;
				ORGANIZATIONNAME = shusuke;
				TargetAttributes = {
					C05E117E1C1D85010050A4A2 = {
						CreatedOnToolsVersion = 7.2;
					};
				};
			};
			buildConfigurationList = C05E117A1C1D85010050A4A2 /* Build configuration list for PBXProject "zipAddress" */;
			compatibilityVersion = "Xcode 3.2";
			developmentRegion = English;
			hasScannedForEncodings = 0;
			knownRegions = (
				en,
				Base,
			);
			mainGroup = C05E11761C1D85010050A4A2;
			productRefGroup = C05E11801C1D85010050A4A2 /* Products */;
			projectDirPath = "";
			projectRoot = "";
			targets = (
				C05E117E1C1D85010050A4A2 /* zipAddress */,
			);
		};
/* End PBXProject section */

/* Begin PBXResourcesBuildPhase section */
		C05E117D1C1D85010050A4A2 /* Resources */ = {
			isa = PBXResourcesBuildPhase;
			buildActionMask = 2147483647;
			files = (
				C05E118D1C1D85010050A4A2 /* LaunchScreen.storyboard in Resources */,
				C05E118A1C1D85010050A4A2 /* Assets.xcassets in Resources */,
				C05E11881C1D85010050A4A2 /* Main.storyboard in Resources */,
			);
			runOnlyForDeploymentPostprocessing = 0;
		};
/* End PBXResourcesBuildPhase section */

/* Begin PBXSourcesBuildPhase section */
		C05E117B1C1D85010050A4A2 /* Sources */ = {
			isa = PBXSourcesBuildPhase;
			buildActionMask = 2147483647;
			files = (
				C05E11851C1D85010050A4A2 /* ViewController.swift in Sources */,
				C05E11831C1D85010050A4A2 /* AppDelegate.swift in Sources */,
			);
			runOnlyForDeploymentPostprocessing = 0;
		};
/* End PBXSourcesBuildPhase section */

/* Begin PBXVariantGroup section */
		C05E11861C1D85010050A4A2 /* Main.storyboard */ = {
			isa = PBXVariantGroup;
			children = (
				C05E11871C1D85010050A4A2 /* Base */,
			);
			name = Main.storyboard;
			sourceTree = "<group>";
		};
		C05E118B1C1D85010050A4A2 /* LaunchScreen.storyboard */ = {
			isa = PBXVariantGroup;
			children = (
				C05E118C1C1D85010050A4A2 /* Base */,
			);
			name = LaunchScreen.storyboard;
			sourceTree = "<group>";
		};
/* End PBXVariantGroup section */

/* Begin XCBuildConfiguration section */
		C05E118F1C1D85010050A4A2 /* Debug */ = {
			isa = XCBuildConfiguration;
			buildSettings = {
				ALWAYS_SEARCH_USER_PATHS = NO;
				CLANG_CXX_LANGUAGE_STANDARD = "gnu++0x";
				CLANG_CXX_LIBRARY = "libc++";
				CLANG_ENABLE_MODULES = YES;
				CLANG_ENABLE_OBJC_ARC = YES;
				CLANG_WARN_BOOL_CONVERSION = YES;
				CLANG_WARN_CONSTANT_CONVERSION = YES;
				CLANG_WARN_DIRECT_OBJC_ISA_USAGE = YES_ERROR;
				CLANG_WARN_EMPTY_BODY = YES;
				CLANG_WARN_ENUM_CONVERSION = YES;
				CLANG_WARN_INT_CONVERSION = YES;
				CLANG_WARN_OBJC_ROOT_CLASS = YES_ERROR;
				CLANG_WARN_UNREACHABLE_CODE = YES;
				CLANG_WARN__DUPLICATE_METHOD_MATCH = YES;
				"CODE_SIGN_IDENTITY[sdk=iphoneos*]" = "iPhone Developer";
				COPY_PHASE_STRIP = NO;
				DEBUG_INFORMATION_FORMAT = dwarf;
				ENABLE_STRICT_OBJC_MSGSEND = YES;
				ENABLE_TESTABILITY = YES;
				GCC_C_LANGUAGE_STANDARD = gnu99;
				GCC_DYNAMIC_NO_PIC = NO;
				GCC_NO_COMMON_BLOCKS = YES;
				GCC_OPTIMIZATION_LEVEL = 0;
				GCC_PREPROCESSOR_DEFINITIONS = (
					"DEBUG=1",
					"$(inherited)",
				);
				GCC_WARN_64_TO_32_BIT_CONVERSION = YES;
				GCC_WARN_ABOUT_RETURN_TYPE = YES_ERROR;
				GCC_WARN_UNDECLARED_SELECTOR = YES;
				GCC_WARN_UNINITIALIZED_AUTOS = YES_AGGRESSIVE;
				GCC_WARN_UNUSED_FUNCTION = YES;
				GCC_WARN_UNUSED_VARIABLE = YES;
				IPHONEOS_DEPLOYMENT_TARGET = 9.2;
				MTL_ENABLE_DEBUG_INFO = YES;
				ONLY_ACTIVE_ARCH = YES;
				SDKROOT = iphoneos;
				SWIFT_OPTIMIZATION_LEVEL = "-Onone";
			};
			name = Debug;
		};
		C05E11901C1D85010050A4A2 /* Release */ = {
			isa = XCBuildConfiguration;
			buildSettings = {
				ALWAYS_SEARCH_USER_PATHS = NO;
				CLANG_CXX_LANGUAGE_STANDARD = "gnu++0x";
				CLANG_CXX_LIBRARY = "libc++";
				CLANG_ENABLE_MODULES = YES;
				CLANG_ENABLE_OBJC_ARC = YES;
				CLANG_WARN_BOOL_CONVERSION = YES;
				CLANG_WARN_CONSTANT_CONVERSION = YES;
				CLANG_WARN_DIRECT_OBJC_ISA_USAGE = YES_ERROR;
				CLANG_WARN_EMPTY_BODY = YES;
				CLANG_WARN_ENUM_CONVERSION = YES;
				CLANG_WARN_INT_CONVERSION = YES;
				CLANG_WARN_OBJC_ROOT_CLASS = YES_ERROR;
				CLANG_WARN_UNREACHABLE_CODE = YES;
				CLANG_WARN__DUPLICATE_METHOD_MATCH = YES;
				"CODE_SIGN_IDENTITY[sdk=iphoneos*]" = "iPhone Developer";
				COPY_PHASE_STRIP = NO;
				DEBUG_INFORMATION_FORMAT = "dwarf-with-dsym";
				ENABLE_NS_ASSERTIONS = NO;
				ENABLE_STRICT_OBJC_MSGSEND = YES;
				GCC_C_LANGUAGE_STANDARD = gnu99;
				GCC_NO_COMMON_BLOCKS = YES;
				GCC_WARN_64_TO_32_BIT_CONVERSION = YES;
				GCC_WARN_ABOUT_RETURN_TYPE = YES_ERROR;
				GCC_WARN_UNDECLARED_SELECTOR = YES;
				GCC_WARN_UNINITIALIZED_AUTOS = YES_AGGRESSIVE;
				GCC_WARN_UNUSED_FUNCTION = YES;
				GCC_WARN_UNUSED_VARIABLE = YES;
				IPHONEOS_DEPLOYMENT_TARGET = 9.2;
				MTL_ENABLE_DEBUG_INFO = NO;
				SDKROOT = iphoneos;
				VALIDATE_PRODUCT = YES;
			};
			name = Release;
		};
		C05E11921C1D85010050A4A2 /* Debug */ = {
			isa = XCBuildConfiguration;
			buildSettings = {
				ASSETCATALOG_COMPILER_APPICON_NAME = AppIcon;
				INFOPLIST_FILE = zipAddress/Info.plist;
				LD_RUNPATH_SEARCH_PATHS = "$(inherited) @executable_path/Frameworks";
				PRODUCT_BUNDLE_IDENTIFIER = com.shusuke.zipAddress;
				PRODUCT_NAME = "$(TARGET_NAME)";
			};
			name = Debug;
		};
		C05E11931C1D85010050A4A2 /* Release */ = {
			isa = XCBuildConfiguration;
			buildSettings = {
				ASSETCATALOG_COMPILER_APPICON_NAME = AppIcon;
				INFOPLIST_FILE = zipAddress/Info.plist;
				LD_RUNPATH_SEARCH_PATHS = "$(inherited) @executable_path/Frameworks";
				PRODUCT_BUNDLE_IDENTIFIER = com.shusuke.zipAddress;
				PRODUCT_NAME = "$(TARGET_NAME)";
			};
			name = Release;
		};
/* End XCBuildConfiguration section */

/* Begin XCConfigurationList section */
		C05E117A1C1D85010050A4A2 /* Build configuration list for PBXProject "zipAddress" */ = {
			isa = XCConfigurationList;
			buildConfigurations = (
				C05E118F1C1D85010050A4A2 /* Debug */,
				C05E11901C1D85010050A4A2 /* Release */,
			);
			defaultConfigurationIsVisible = 0;
			defaultConfigurationName = Release;
		};
		C05E11911C1D85010050A4A2 /* Build configuration list for PBXNativeTarget "zipAddress" */ = {
			isa = XCConfigurationList;
			buildConfigurations = (
				C05E11921C1D85010050A4A2 /* Debug */,
				C05E11931C1D85010050A4A2 /* Release */,
			);
			defaultConfigurationIsVisible = 0;
		};
/* End XCConfigurationList section */
	};
	rootObject = C05E11771C1D85010050A4A2 /* Project object */;
}
